{
  "name": "muse-code-acp-bridge",
  "version": "0.1.0",
  "lockfileVersion": 3,
  "requires": true,
  "packages": {
    "": {
      "name": "muse-code-acp-bridge",
      "version": "0.1.0",
      "license": "MIT",
      "bin": {
        "muse-code-acp-bridge": "src/server.mjs"
      },
      "engines": {
        "node": ">=22.13.0"
      }
    }
  }
}
